
Microsoft Visual Studio Solution File, Format Version 12.00
# Visual Studio Version 17
VisualStudioVersion = 17.4.33122.133
MinimumVisualStudioVersion = 10.0.40219.1
Project("{FAE04EC0-301F-11D3-BF4B-00C04F79EFBC}") = "CSharpSyntax", "CSharpSyntax\CSharpSyntax.csproj", "{AADFA49A-1ADF-4D8C-9E30-45ADD41C037B}"
EndProject
Global
	GlobalSection(SolutionConfigurationPlatforms) = preSolution
		Debug|Any CPU = Debug|Any CPU
		Release|Any CPU = Release|Any CPU
	EndGlobalSection
	GlobalSection(ProjectConfigurationPlatforms) = postSolution
		{AADFA49A-1ADF-4D8C-9E30-45ADD41C037B}.Debug|Any CPU.ActiveCfg = Debug|Any CPU
		{AADFA49A-1ADF-4D8C-9E30-45ADD41C037B}.Debug|Any CPU.Build.0 = Debug|Any CPU
		{AADFA49A-1ADF-4D8C-9E30-45ADD41C037B}.Release|Any CPU.ActiveCfg = Release|Any CPU
		{AADFA49A-1ADF-4D8C-9E30-45ADD41C037B}.Release|Any CPU.Build.0 = Release|Any CPU
	EndGlobalSection
	GlobalSection(SolutionProperties) = preSolution
		HideSolutionNode = FALSE
	EndGlobalSection
	GlobalSection(ExtensibilityGlobals) = postSolution
		SolutionGuid = {227960E2-4F7B-433C-89E0-0C6349CC763B}
	EndGlobalSection
EndGlobal
